
Microsoft Visual Studio Solution File, Format Version 12.00
# Visual Studio Version 17
VisualStudioVersion = 17.13.35913.81
MinimumVisualStudioVersion = 10.0.40219.1
Project("{2150E333-8FDC-42A3-9474-1A3956D46DE8}") = "Microservices", "Microservices", "{02EA681E-C7D8-13C7-8484-4AC65E1B71E8}"
EndProject
Project("{2150E333-8FDC-42A3-9474-1A3956D46DE8}") = "Domain", "Domain", "{7E944307-CAA9-4421-B26A-358DB8AF61E2}"
EndProject
Project("{2150E333-8FDC-42A3-9474-1A3956D46DE8}") = "Infra.Bus", "Infra.Bus", "{9D8E5E79-B94A-4857-9F89-843EA2856DE4}"
EndProject
Project("{2150E333-8FDC-42A3-9474-1A3956D46DE8}") = "Infra.IoC", "Infra.IoC", "{241FBC44-BC24-4DCC-8C4D-DB07D6083729}"
EndProject
Project("{2150E333-8FDC-42A3-9474-1A3956D46DE8}") = "Presentation", "Presentation", "{693D3E76-51FB-444A-AAFB-25B087BF854E}"
EndProject
Project("{FAE04EC0-301F-11D3-BF4B-00C04F79EFBC}") = "MicroRabbit.Domain.Core", "MicroRabbit.Domain.Core\MicroRabbit.Domain.Core.csproj", "{EDB1A39D-78A0-449E-A9F3-4CCB2F205182}"
EndProject
Project("{FAE04EC0-301F-11D3-BF4B-00C04F79EFBC}") = "MicroRabbit.Infra.Bus", "MicroRabbit.Infra.Bus\MicroRabbit.Infra.Bus.csproj", "{22621367-D60A-4113-A66F-09EA26E4EA15}"
EndProject
Project("{FAE04EC0-301F-11D3-BF4B-00C04F79EFBC}") = "MicroRabbit.Infra.IoC", "MicroRabbit.Infra.IoC\MicroRabbit.Infra.IoC.csproj", "{7108BC4D-8561-42CC-A897-D11901B198B1}"
EndProject
Project("{2150E333-8FDC-42A3-9474-1A3956D46DE8}") = "Banking", "Banking", "{092ED5CF-3506-4687-91B0-7006AA2E5781}"
EndProject
Project("{2150E333-8FDC-42A3-9474-1A3956D46DE8}") = "Api", "Api", "{819446E7-3B58-484A-8189-0ECE6313E98A}"
EndProject
Project("{2150E333-8FDC-42A3-9474-1A3956D46DE8}") = "Domain", "Domain", "{BA912EEB-AF59-4B27-9B9C-0689D3246780}"
EndProject
Project("{2150E333-8FDC-42A3-9474-1A3956D46DE8}") = "Application", "Application", "{F1F7B48B-2FA3-4B6D-8E91-EB3AC6BCA0F4}"
EndProject
Project("{2150E333-8FDC-42A3-9474-1A3956D46DE8}") = "Data", "Data", "{3F64567C-55D1-428B-81BC-B445378F56BE}"
EndProject
Project("{FAE04EC0-301F-11D3-BF4B-00C04F79EFBC}") = "MicroRabbit.Banking.Api", "MicroRabbit.Banking.Api\MicroRabbit.Banking.Api.csproj", "{81D63F03-96EA-44A0-B4F4-1176F5696EF2}"
EndProject
Project("{FAE04EC0-301F-11D3-BF4B-00C04F79EFBC}") = "MicroRabbit.Banking.Application", "MicroRabbit.Banking.Application\MicroRabbit.Banking.Application.csproj", "{58B3367E-FFF0-4E36-A689-4E30408EE088}"
EndProject
Project("{FAE04EC0-301F-11D3-BF4B-00C04F79EFBC}") = "MicroRabbit.Banking.Data", "MicroRabbit.Banking.Data\MicroRabbit.Banking.Data.csproj", "{F913457E-E794-4D62-91EE-C54FEE5DE60C}"
EndProject
Project("{FAE04EC0-301F-11D3-BF4B-00C04F79EFBC}") = "MicroRabbit.Banking.Domain", "MicroRabbit.Banking.Domain\MicroRabbit.Banking.Domain.csproj", "{D51F735B-F56B-44DD-9AD1-63FD78CEF049}"
EndProject
Project("{2150E333-8FDC-42A3-9474-1A3956D46DE8}") = "Transfer", "Transfer", "{FE51B59C-84AC-480E-803F-93A0A477A39A}"
EndProject
Project("{2150E333-8FDC-42A3-9474-1A3956D46DE8}") = "Api", "Api", "{92F6D2A0-DCA0-417C-B63B-336D3AFDD125}"
EndProject
Project("{2150E333-8FDC-42A3-9474-1A3956D46DE8}") = "Application", "Application", "{CE1EFDFC-C79E-471B-BC3E-91837E3AFB18}"
EndProject
Project("{2150E333-8FDC-42A3-9474-1A3956D46DE8}") = "Data", "Data", "{2E52C9B8-3A6B-42B0-BE2B-6BD61D25B7D5}"
EndProject
Project("{2150E333-8FDC-42A3-9474-1A3956D46DE8}") = "Domain", "Domain", "{A43C030E-6ECB-4A4C-AFEA-A89442105A31}"
EndProject
Project("{FAE04EC0-301F-11D3-BF4B-00C04F79EFBC}") = "MicroRabbit.Transfer.Api", "MicroRabbit.Transfer.Api\MicroRabbit.Transfer.Api.csproj", "{6899621D-15D8-4B64-B98D-F8DF43794E53}"
EndProject
Project("{FAE04EC0-301F-11D3-BF4B-00C04F79EFBC}") = "MicroRabbit.Transfer.Application", "MicroRabbit.Transfer.Application\MicroRabbit.Transfer.Application.csproj", "{1983EDE8-C0C9-42E8-B40B-BE0DFE92047E}"
EndProject
Project("{FAE04EC0-301F-11D3-BF4B-00C04F79EFBC}") = "MicroRabbit.Transfer.Domain", "MicroRabbit.Transfer.Domain\MicroRabbit.Transfer.Domain.csproj", "{2C445A05-119A-4820-8CCD-B41B46AB506F}"
EndProject
Project("{FAE04EC0-301F-11D3-BF4B-00C04F79EFBC}") = "MicroRabbit.Transfer.Data", "MicroRabbit.Transfer.Data\MicroRabbit.Transfer.Data.csproj", "{B5CD94A2-5D1B-4737-8326-C25D6BD9718B}"
EndProject
Project("{FAE04EC0-301F-11D3-BF4B-00C04F79EFBC}") = "MicroRabbit.MVC", "MicroRabbit.MVC\MicroRabbit.MVC.csproj", "{B88DD5DE-AC24-47EF-B087-DF729BBC0C19}"
EndProject
Global
	GlobalSection(SolutionConfigurationPlatforms) = preSolution
		Debug|Any CPU = Debug|Any CPU
		Release|Any CPU = Release|Any CPU
	EndGlobalSection
	GlobalSection(ProjectConfigurationPlatforms) = postSolution
		{EDB1A39D-78A0-449E-A9F3-4CCB2F205182}.Debug|Any CPU.ActiveCfg = Debug|Any CPU
		{EDB1A39D-78A0-449E-A9F3-4CCB2F205182}.Debug|Any CPU.Build.0 = Debug|Any CPU
		{EDB1A39D-78A0-449E-A9F3-4CCB2F205182}.Release|Any CPU.ActiveCfg = Release|Any CPU
		{EDB1A39D-78A0-449E-A9F3-4CCB2F205182}.Release|Any CPU.Build.0 = Release|Any CPU
		{22621367-D60A-4113-A66F-09EA26E4EA15}.Debug|Any CPU.ActiveCfg = Debug|Any CPU
		{22621367-D60A-4113-A66F-09EA26E4EA15}.Debug|Any CPU.Build.0 = Debug|Any CPU
		{22621367-D60A-4113-A66F-09EA26E4EA15}.Release|Any CPU.ActiveCfg = Release|Any CPU
		{22621367-D60A-4113-A66F-09EA26E4EA15}.Release|Any CPU.Build.0 = Release|Any CPU
		{7108BC4D-8561-42CC-A897-D11901B198B1}.Debug|Any CPU.ActiveCfg = Debug|Any CPU
		{7108BC4D-8561-42CC-A897-D11901B198B1}.Debug|Any CPU.Build.0 = Debug|Any CPU
		{7108BC4D-8561-42CC-A897-D11901B198B1}.Release|Any CPU.ActiveCfg = Release|Any CPU
		{7108BC4D-8561-42CC-A897-D11901B198B1}.Release|Any CPU.Build.0 = Release|Any CPU
		{81D63F03-96EA-44A0-B4F4-1176F5696EF2}.Debug|Any CPU.ActiveCfg = Debug|Any CPU
		{81D63F03-96EA-44A0-B4F4-1176F5696EF2}.Debug|Any CPU.Build.0 = Debug|Any CPU
		{81D63F03-96EA-44A0-B4F4-1176F5696EF2}.Release|Any CPU.ActiveCfg = Release|Any CPU
		{81D63F03-96EA-44A0-B4F4-1176F5696EF2}.Release|Any CPU.Build.0 = Release|Any CPU
		{58B3367E-FFF0-4E36-A689-4E30408EE088}.Debug|Any CPU.ActiveCfg = Debug|Any CPU
		{58B3367E-FFF0-4E36-A689-4E30408EE088}.Debug|Any CPU.Build.0 = Debug|Any CPU
		{58B3367E-FFF0-4E36-A689-4E30408EE088}.Release|Any CPU.ActiveCfg = Release|Any CPU
		{58B3367E-FFF0-4E36-A689-4E30408EE088}.Release|Any CPU.Build.0 = Release|Any CPU
		{F913457E-E794-4D62-91EE-C54FEE5DE60C}.Debug|Any CPU.ActiveCfg = Debug|Any CPU
		{F913457E-E794-4D62-91EE-C54FEE5DE60C}.Debug|Any CPU.Build.0 = Debug|Any CPU
		{F913457E-E794-4D62-91EE-C54FEE5DE60C}.Release|Any CPU.ActiveCfg = Release|Any CPU
		{F913457E-E794-4D62-91EE-C54FEE5DE60C}.Release|Any CPU.Build.0 = Release|Any CPU
		{D51F735B-F56B-44DD-9AD1-63FD78CEF049}.Debug|Any CPU.ActiveCfg = Debug|Any CPU
		{D51F735B-F56B-44DD-9AD1-63FD78CEF049}.Debug|Any CPU.Build.0 = Debug|Any CPU
		{D51F735B-F56B-44DD-9AD1-63FD78CEF049}.Release|Any CPU.ActiveCfg = Release|Any CPU
		{D51F735B-F56B-44DD-9AD1-63FD78CEF049}.Release|Any CPU.Build.0 = Release|Any CPU
		{6899621D-15D8-4B64-B98D-F8DF43794E53}.Debug|Any CPU.ActiveCfg = Debug|Any CPU
		{6899621D-15D8-4B64-B98D-F8DF43794E53}.Debug|Any CPU.Build.0 = Debug|Any CPU
		{6899621D-15D8-4B64-B98D-F8DF43794E53}.Release|Any CPU.ActiveCfg = Release|Any CPU
		{6899621D-15D8-4B64-B98D-F8DF43794E53}.Release|Any CPU.Build.0 = Release|Any CPU
		{1983EDE8-C0C9-42E8-B40B-BE0DFE92047E}.Debug|Any CPU.ActiveCfg = Debug|Any CPU
		{1983EDE8-C0C9-42E8-B40B-BE0DFE92047E}.Debug|Any CPU.Build.0 = Debug|Any CPU
		{1983EDE8-C0C9-42E8-B40B-BE0DFE92047E}.Release|Any CPU.ActiveCfg = Release|Any CPU
		{1983EDE8-C0C9-42E8-B40B-BE0DFE92047E}.Release|Any CPU.Build.0 = Release|Any CPU
		{2C445A05-119A-4820-8CCD-B41B46AB506F}.Debug|Any CPU.ActiveCfg = Debug|Any CPU
		{2C445A05-119A-4820-8CCD-B41B46AB506F}.Debug|Any CPU.Build.0 = Debug|Any CPU
		{2C445A05-119A-4820-8CCD-B41B46AB506F}.Release|Any CPU.ActiveCfg = Release|Any CPU
		{2C445A05-119A-4820-8CCD-B41B46AB506F}.Release|Any CPU.Build.0 = Release|Any CPU
		{B5CD94A2-5D1B-4737-8326-C25D6BD9718B}.Debug|Any CPU.ActiveCfg = Debug|Any CPU
		{B5CD94A2-5D1B-4737-8326-C25D6BD9718B}.Debug|Any CPU.Build.0 = Debug|Any CPU
		{B5CD94A2-5D1B-4737-8326-C25D6BD9718B}.Release|Any CPU.ActiveCfg = Release|Any CPU
		{B5CD94A2-5D1B-4737-8326-C25D6BD9718B}.Release|Any CPU.Build.0 = Release|Any CPU
		{B88DD5DE-AC24-47EF-B087-DF729BBC0C19}.Debug|Any CPU.ActiveCfg = Debug|Any CPU
		{B88DD5DE-AC24-47EF-B087-DF729BBC0C19}.Debug|Any CPU.Build.0 = Debug|Any CPU
		{B88DD5DE-AC24-47EF-B087-DF729BBC0C19}.Release|Any CPU.ActiveCfg = Release|Any CPU
		{B88DD5DE-AC24-47EF-B087-DF729BBC0C19}.Release|Any CPU.Build.0 = Release|Any CPU
	EndGlobalSection
	GlobalSection(SolutionProperties) = preSolution
		HideSolutionNode = FALSE
	EndGlobalSection
	GlobalSection(NestedProjects) = preSolution
		{EDB1A39D-78A0-449E-A9F3-4CCB2F205182} = {7E944307-CAA9-4421-B26A-358DB8AF61E2}
		{22621367-D60A-4113-A66F-09EA26E4EA15} = {9D8E5E79-B94A-4857-9F89-843EA2856DE4}
		{7108BC4D-8561-42CC-A897-D11901B198B1} = {241FBC44-BC24-4DCC-8C4D-DB07D6083729}
		{092ED5CF-3506-4687-91B0-7006AA2E5781} = {02EA681E-C7D8-13C7-8484-4AC65E1B71E8}
		{819446E7-3B58-484A-8189-0ECE6313E98A} = {092ED5CF-3506-4687-91B0-7006AA2E5781}
		{BA912EEB-AF59-4B27-9B9C-0689D3246780} = {092ED5CF-3506-4687-91B0-7006AA2E5781}
		{F1F7B48B-2FA3-4B6D-8E91-EB3AC6BCA0F4} = {092ED5CF-3506-4687-91B0-7006AA2E5781}
		{3F64567C-55D1-428B-81BC-B445378F56BE} = {092ED5CF-3506-4687-91B0-7006AA2E5781}
		{81D63F03-96EA-44A0-B4F4-1176F5696EF2} = {819446E7-3B58-484A-8189-0ECE6313E98A}
		{58B3367E-FFF0-4E36-A689-4E30408EE088} = {F1F7B48B-2FA3-4B6D-8E91-EB3AC6BCA0F4}
		{F913457E-E794-4D62-91EE-C54FEE5DE60C} = {3F64567C-55D1-428B-81BC-B445378F56BE}
		{D51F735B-F56B-44DD-9AD1-63FD78CEF049} = {BA912EEB-AF59-4B27-9B9C-0689D3246780}
		{FE51B59C-84AC-480E-803F-93A0A477A39A} = {02EA681E-C7D8-13C7-8484-4AC65E1B71E8}
		{92F6D2A0-DCA0-417C-B63B-336D3AFDD125} = {FE51B59C-84AC-480E-803F-93A0A477A39A}
		{CE1EFDFC-C79E-471B-BC3E-91837E3AFB18} = {FE51B59C-84AC-480E-803F-93A0A477A39A}
		{2E52C9B8-3A6B-42B0-BE2B-6BD61D25B7D5} = {FE51B59C-84AC-480E-803F-93A0A477A39A}
		{A43C030E-6ECB-4A4C-AFEA-A89442105A31} = {FE51B59C-84AC-480E-803F-93A0A477A39A}
		{6899621D-15D8-4B64-B98D-F8DF43794E53} = {92F6D2A0-DCA0-417C-B63B-336D3AFDD125}
		{1983EDE8-C0C9-42E8-B40B-BE0DFE92047E} = {CE1EFDFC-C79E-471B-BC3E-91837E3AFB18}
		{2C445A05-119A-4820-8CCD-B41B46AB506F} = {A43C030E-6ECB-4A4C-AFEA-A89442105A31}
		{B5CD94A2-5D1B-4737-8326-C25D6BD9718B} = {2E52C9B8-3A6B-42B0-BE2B-6BD61D25B7D5}
		{B88DD5DE-AC24-47EF-B087-DF729BBC0C19} = {693D3E76-51FB-444A-AAFB-25B087BF854E}
	EndGlobalSection
	GlobalSection(ExtensibilityGlobals) = postSolution
		SolutionGuid = {94920E52-B033-42EE-9FBA-49E52C91C008}
	EndGlobalSection
EndGlobal
