
Microsoft Visual Studio Solution File, Format Version 12.00
# Visual Studio Version 17
VisualStudioVersion = 17.13.35913.81 d17.13
MinimumVisualStudioVersion = 10.0.40219.1
Project("{2150E333-8FDC-42A3-9474-1A3956D46DE8}") = "Microservices", "Microservices", "{02EA681E-C7D8-13C7-8484-4AC65E1B71E8}"
EndProject
Project("{2150E333-8FDC-42A3-9474-1A3956D46DE8}") = "Domain", "Domain", "{7E944307-CAA9-4421-B26A-358DB8AF61E2}"
EndProject
Project("{2150E333-8FDC-42A3-9474-1A3956D46DE8}") = "Infra.Bus", "Infra.Bus", "{9D8E5E79-B94A-4857-9F89-843EA2856DE4}"
EndProject
Project("{2150E333-8FDC-42A3-9474-1A3956D46DE8}") = "Infra.IoC", "Infra.IoC", "{241FBC44-BC24-4DCC-8C4D-DB07D6083729}"
EndProject
Project("{2150E333-8FDC-42A3-9474-1A3956D46DE8}") = "Presentation", "Presentation", "{693D3E76-51FB-444A-AAFB-25B087BF854E}"
EndProject
Project("{FAE04EC0-301F-11D3-BF4B-00C04F79EFBC}") = "MicroRabbit.Domain.Core", "MicroRabbit.Domain.Core\MicroRabbit.Domain.Core.csproj", "{EDB1A39D-78A0-449E-A9F3-4CCB2F205182}"
EndProject
Project("{FAE04EC0-301F-11D3-BF4B-00C04F79EFBC}") = "MicroRabbit.Infra.Bus", "MicroRabbit.Infra.Bus\MicroRabbit.Infra.Bus.csproj", "{22621367-D60A-4113-A66F-09EA26E4EA15}"
EndProject
Project("{FAE04EC0-301F-11D3-BF4B-00C04F79EFBC}") = "MicroRabbit.Infra.IoC", "MicroRabbit.Infra.IoC\MicroRabbit.Infra.IoC.csproj", "{7108BC4D-8561-42CC-A897-D11901B198B1}"
EndProject
Global
	GlobalSection(SolutionConfigurationPlatforms) = preSolution
		Debug|Any CPU = Debug|Any CPU
		Release|Any CPU = Release|Any CPU
	EndGlobalSection
	GlobalSection(ProjectConfigurationPlatforms) = postSolution
		{EDB1A39D-78A0-449E-A9F3-4CCB2F205182}.Debug|Any CPU.ActiveCfg = Debug|Any CPU
		{EDB1A39D-78A0-449E-A9F3-4CCB2F205182}.Debug|Any CPU.Build.0 = Debug|Any CPU
		{EDB1A39D-78A0-449E-A9F3-4CCB2F205182}.Release|Any CPU.ActiveCfg = Release|Any CPU
		{EDB1A39D-78A0-449E-A9F3-4CCB2F205182}.Release|Any CPU.Build.0 = Release|Any CPU
		{22621367-D60A-4113-A66F-09EA26E4EA15}.Debug|Any CPU.ActiveCfg = Debug|Any CPU
		{22621367-D60A-4113-A66F-09EA26E4EA15}.Debug|Any CPU.Build.0 = Debug|Any CPU
		{22621367-D60A-4113-A66F-09EA26E4EA15}.Release|Any CPU.ActiveCfg = Release|Any CPU
		{22621367-D60A-4113-A66F-09EA26E4EA15}.Release|Any CPU.Build.0 = Release|Any CPU
		{7108BC4D-8561-42CC-A897-D11901B198B1}.Debug|Any CPU.ActiveCfg = Debug|Any CPU
		{7108BC4D-8561-42CC-A897-D11901B198B1}.Debug|Any CPU.Build.0 = Debug|Any CPU
		{7108BC4D-8561-42CC-A897-D11901B198B1}.Release|Any CPU.ActiveCfg = Release|Any CPU
		{7108BC4D-8561-42CC-A897-D11901B198B1}.Release|Any CPU.Build.0 = Release|Any CPU
	EndGlobalSection
	GlobalSection(SolutionProperties) = preSolution
		HideSolutionNode = FALSE
	EndGlobalSection
	GlobalSection(NestedProjects) = preSolution
		{EDB1A39D-78A0-449E-A9F3-4CCB2F205182} = {7E944307-CAA9-4421-B26A-358DB8AF61E2}
		{22621367-D60A-4113-A66F-09EA26E4EA15} = {9D8E5E79-B94A-4857-9F89-843EA2856DE4}
		{7108BC4D-8561-42CC-A897-D11901B198B1} = {241FBC44-BC24-4DCC-8C4D-DB07D6083729}
	EndGlobalSection
	GlobalSection(ExtensibilityGlobals) = postSolution
		SolutionGuid = {94920E52-B033-42EE-9FBA-49E52C91C008}
	EndGlobalSection
EndGlobal
